
Microsoft Visual Studio Solution File, Format Version 12.00
# Visual Studio Version 17
VisualStudioVersion = 17.0.31903.59
MinimumVisualStudioVersion = 10.0.40219.1
Project("{2150E333-8FDC-42A3-9474-1A3956D46DE8}") = "src", "src", "{4B532287-03F8-4D28-875A-9303772943B0}"
EndProject
Project("{FAE04EC0-301F-11D3-BF4B-00C04F79EFBC}") = "UI.Template", "src\UI.Template\UI.Template.csproj", "{80C884DB-36B3-4796-81C7-2BA0B7E39262}"
EndProject
Global
	GlobalSection(SolutionConfigurationPlatforms) = preSolution
		Debug|Any CPU = Debug|Any CPU
		Release|Any CPU = Release|Any CPU
	EndGlobalSection
	GlobalSection(SolutionProperties) = preSolution
		HideSolutionNode = FALSE
	EndGlobalSection
	GlobalSection(ProjectConfigurationPlatforms) = postSolution
		{80C884DB-36B3-4796-81C7-2BA0B7E39262}.Debug|Any CPU.ActiveCfg = Debug|Any CPU
		{80C884DB-36B3-4796-81C7-2BA0B7E39262}.Debug|Any CPU.Build.0 = Debug|Any CPU
		{80C884DB-36B3-4796-81C7-2BA0B7E39262}.Release|Any CPU.ActiveCfg = Release|Any CPU
		{80C884DB-36B3-4796-81C7-2BA0B7E39262}.Release|Any CPU.Build.0 = Release|Any CPU
	EndGlobalSection
	GlobalSection(NestedProjects) = preSolution
		{80C884DB-36B3-4796-81C7-2BA0B7E39262} = {4B532287-03F8-4D28-875A-9303772943B0}
	EndGlobalSection
EndGlobal
